
Microsoft Visual Studio Solution File, Format Version 12.00
# Visual Studio Version 17
VisualStudioVersion = 17.6.33829.357
MinimumVisualStudioVersion = 10.0.40219.1
Project("{FAE04EC0-301F-11D3-BF4B-00C04F79EFBC}") = "QuanLyKho", "QuanLyKho\QuanLyKho.csproj", "{29DCB5A8-04B1-4590-B742-F6779684BB54}"
EndProject
Global
	GlobalSection(SolutionConfigurationPlatforms) = preSolution
		Debug|Any CPU = Debug|Any CPU
		Release|Any CPU = Release|Any CPU
	EndGlobalSection
	GlobalSection(ProjectConfigurationPlatforms) = postSolution
		{29DCB5A8-04B1-4590-B742-F6779684BB54}.Debug|Any CPU.ActiveCfg = Debug|Any CPU
		{29DCB5A8-04B1-4590-B742-F6779684BB54}.Debug|Any CPU.Build.0 = Debug|Any CPU
		{29DCB5A8-04B1-4590-B742-F6779684BB54}.Release|Any CPU.ActiveCfg = Release|Any CPU
		{29DCB5A8-04B1-4590-B742-F6779684BB54}.Release|Any CPU.Build.0 = Release|Any CPU
	EndGlobalSection
	GlobalSection(SolutionProperties) = preSolution
		HideSolutionNode = FALSE
	EndGlobalSection
	GlobalSection(ExtensibilityGlobals) = postSolution
		SolutionGuid = {E4356157-9C61-4E73-97FA-5BBCD47D1DB0}
	EndGlobalSection
EndGlobal
